// !$*UTF8*$!
{
	archiveVersion = 1;
	classes = {
	};
	objectVersion = 48;
	objects = {

/* Begin PBXBuildFile section */
		83061F672081CCE20027DDAD /* HTMLParser.swift in Sources */ = {isa = PBXBuildFile; fileRef = 83061F662081CCE20027DDAD /* HTMLParser.swift */; };
		83061F6A2082A66A0027DDAD /* IntroViewController.swift in Sources */ = {isa = PBXBuildFile; fileRef = 83061F692082A66A0027DDAD /* IntroViewController.swift */; };
		8362558B20837EEF008ADA6F /* GTFileManager.swift in Sources */ = {isa = PBXBuildFile; fileRef = 8362558A20837EEF008ADA6F /* GTFileManager.swift */; };
		8393D9502083415100807357 /* SettingViewController.swift in Sources */ = {isa = PBXBuildFile; fileRef = 8393D94F2083415100807357 /* SettingViewController.swift */; };
		8393D952208357E200807357 /* SettingViewModel.swift in Sources */ = {isa = PBXBuildFile; fileRef = 8393D951208357E200807357 /* SettingViewModel.swift */; };
		8393D954208357FE00807357 /* SettingTableViewCell.swift in Sources */ = {isa = PBXBuildFile; fileRef = 8393D953208357FE00807357 /* SettingTableViewCell.swift */; };
		8393D956208358F500807357 /* SettingItem.swift in Sources */ = {isa = PBXBuildFile; fileRef = 8393D955208358F500807357 /* SettingItem.swift */; };
		83C350172080E04B00B013C7 /* NetworkManager.swift in Sources */ = {isa = PBXBuildFile; fileRef = 83C350162080E04B00B013C7 /* NetworkManager.swift */; };
		83DE08FC207FA3940061EB37 /* AppDelegate.swift in Sources */ = {isa = PBXBuildFile; fileRef = 83DE08FB207FA3940061EB37 /* AppDelegate.swift */; };
		83DE0901207FA3940061EB37 /* Main.storyboard in Resources */ = {isa = PBXBuildFile; fileRef = 83DE08FF207FA3940061EB37 /* Main.storyboard */; };
		83DE0903207FA3940061EB37 /* Assets.xcassets in Resources */ = {isa = PBXBuildFile; fileRef = 83DE0902207FA3940061EB37 /* Assets.xcassets */; };
		83DE0906207FA3940061EB37 /* LaunchScreen.storyboard in Resources */ = {isa = PBXBuildFile; fileRef = 83DE0904207FA3940061EB37 /* LaunchScreen.storyboard */; };
		83DE0911207FA3940061EB37 /* GettyImageViewerTests.swift in Sources */ = {isa = PBXBuildFile; fileRef = 83DE0910207FA3940061EB37 /* GettyImageViewerTests.swift */; };
		83DE091C207FA3940061EB37 /* GettyImageViewerUITests.swift in Sources */ = {isa = PBXBuildFile; fileRef = 83DE091B207FA3940061EB37 /* GettyImageViewerUITests.swift */; };
		83DE092C207FA40D0061EB37 /* HomeViewController.swift in Sources */ = {isa = PBXBuildFile; fileRef = 83DE092B207FA40D0061EB37 /* HomeViewController.swift */; };
		83E67F3D208052690066321C /* HomeViewModel.swift in Sources */ = {isa = PBXBuildFile; fileRef = 83E67F3C208052690066321C /* HomeViewModel.swift */; };
		83E67F3F208052B70066321C /* HomeImageCell.swift in Sources */ = {isa = PBXBuildFile; fileRef = 83E67F3E208052B70066321C /* HomeImageCell.swift */; };
		83E67F43208053C80066321C /* ImageSample.jpg in Resources */ = {isa = PBXBuildFile; fileRef = 83E67F42208053C70066321C /* ImageSample.jpg */; };
		83F1B5F3208081F400A8106C /* HomeImageCellItem.swift in Sources */ = {isa = PBXBuildFile; fileRef = 83F1B5F2208081F400A8106C /* HomeImageCellItem.swift */; };
		83F1B5F52080826D00A8106C /* HomeImageObject.swift in Sources */ = {isa = PBXBuildFile; fileRef = 83F1B5F42080826D00A8106C /* HomeImageObject.swift */; };
		83F1B5F820808FE800A8106C /* DetailViewController.swift in Sources */ = {isa = PBXBuildFile; fileRef = 83F1B5F720808FE800A8106C /* DetailViewController.swift */; };
		D243E269F7E5BF8D00A72A1B /* Pods_GettyImageViewer.framework in Frameworks */ = {isa = PBXBuildFile; fileRef = 0A7AE34CFC51ECF619AA5D1E /* Pods_GettyImageViewer.framework */; };
/* End PBXBuildFile section */

/* Begin PBXContainerItemProxy section */
		83DE090D207FA3940061EB37 /* PBXContainerItemProxy */ = {
			isa = PBXContainerItemProxy;
			containerPortal = 83DE08F0207FA3940061EB37 /* Project object */;
			proxyType = 1;
			remoteGlobalIDString = 83DE08F7207FA3940061EB37;
			remoteInfo = GettyImageViewer;
		};
		83DE0918207FA3940061EB37 /* PBXContainerItemProxy */ = {
			isa = PBXContainerItemProxy;
			containerPortal = 83DE08F0207FA3940061EB37 /* Project object */;
			proxyType = 1;
			remoteGlobalIDString = 83DE08F7207FA3940061EB37;
			remoteInfo = GettyImageViewer;
		};
/* End PBXContainerItemProxy section */

/* Begin PBXFileReference section */
		0A7AE34CFC51ECF619AA5D1E /* Pods_GettyImageViewer.framework */ = {isa = PBXFileReference; explicitFileType = wrapper.framework; includeInIndex = 0; path = Pods_GettyImageViewer.framework; sourceTree = BUILT_PRODUCTS_DIR; };
		350DC8DBAFBC7C8328F9E657 /* Pods-GettyImageViewer.release.xcconfig */ = {isa = PBXFileReference; includeInIndex = 1; lastKnownFileType = text.xcconfig; name = "Pods-GettyImageViewer.release.xcconfig"; path = "Pods/Target Support Files/Pods-GettyImageViewer/Pods-GettyImageViewer.release.xcconfig"; sourceTree = "<group>"; };
		83061F662081CCE20027DDAD /* HTMLParser.swift */ = {isa = PBXFileReference; lastKnownFileType = sourcecode.swift; path = HTMLParser.swift; sourceTree = "<group>"; };
		83061F692082A66A0027DDAD /* IntroViewController.swift */ = {isa = PBXFileReference; lastKnownFileType = sourcecode.swift; path = IntroViewController.swift; sourceTree = "<group>"; };
		8362558A20837EEF008ADA6F /* GTFileManager.swift */ = {isa = PBXFileReference; lastKnownFileType = sourcecode.swift; path = GTFileManager.swift; sourceTree = "<group>"; };
		8393D94F2083415100807357 /* SettingViewController.swift */ = {isa = PBXFileReference; lastKnownFileType = sourcecode.swift; path = SettingViewController.swift; sourceTree = "<group>"; };
		8393D951208357E200807357 /* SettingViewModel.swift */ = {isa = PBXFileReference; lastKnownFileType = sourcecode.swift; path = SettingViewModel.swift; sourceTree = "<group>"; };
		8393D953208357FE00807357 /* SettingTableViewCell.swift */ = {isa = PBXFileReference; lastKnownFileType = sourcecode.swift; path = SettingTableViewCell.swift; sourceTree = "<group>"; };
		8393D955208358F500807357 /* SettingItem.swift */ = {isa = PBXFileReference; lastKnownFileType = sourcecode.swift; path = SettingItem.swift; sourceTree = "<group>"; };
		83C350162080E04B00B013C7 /* NetworkManager.swift */ = {isa = PBXFileReference; lastKnownFileType = sourcecode.swift; path = NetworkManager.swift; sourceTree = "<group>"; };
		83DE08F8207FA3940061EB37 /* GettyImageViewer.app */ = {isa = PBXFileReference; explicitFileType = wrapper.application; includeInIndex = 0; path = GettyImageViewer.app; sourceTree = BUILT_PRODUCTS_DIR; };
		83DE08FB207FA3940061EB37 /* AppDelegate.swift */ = {isa = PBXFileReference; lastKnownFileType = sourcecode.swift; path = AppDelegate.swift; sourceTree = "<group>"; };
		83DE0900207FA3940061EB37 /* Base */ = {isa = PBXFileReference; lastKnownFileType = file.storyboard; name = Base; path = Base.lproj/Main.storyboard; sourceTree = "<group>"; };
		83DE0902207FA3940061EB37 /* Assets.xcassets */ = {isa = PBXFileReference; lastKnownFileType = folder.assetcatalog; path = Assets.xcassets; sourceTree = "<group>"; };
		83DE0905207FA3940061EB37 /* Base */ = {isa = PBXFileReference; lastKnownFileType = file.storyboard; name = Base; path = Base.lproj/LaunchScreen.storyboard; sourceTree = "<group>"; };
		83DE0907207FA3940061EB37 /* Info.plist */ = {isa = PBXFileReference; lastKnownFileType = text.plist.xml; path = Info.plist; sourceTree = "<group>"; };
		83DE090C207FA3940061EB37 /* GettyImageViewerTests.xctest */ = {isa = PBXFileReference; explicitFileType = wrapper.cfbundle; includeInIndex = 0; path = GettyImageViewerTests.xctest; sourceTree = BUILT_PRODUCTS_DIR; };
		83DE0910207FA3940061EB37 /* GettyImageViewerTests.swift */ = {isa = PBXFileReference; lastKnownFileType = sourcecode.swift; path = GettyImageViewerTests.swift; sourceTree = "<group>"; };
		83DE0912207FA3940061EB37 /* Info.plist */ = {isa = PBXFileReference; lastKnownFileType = text.plist.xml; path = Info.plist; sourceTree = "<group>"; };
		83DE0917207FA3940061EB37 /* GettyImageViewerUITests.xctest */ = {isa = PBXFileReference; explicitFileType = wrapper.cfbundle; includeInIndex = 0; path = GettyImageViewerUITests.xctest; sourceTree = BUILT_PRODUCTS_DIR; };
		83DE091B207FA3940061EB37 /* GettyImageViewerUITests.swift */ = {isa = PBXFileReference; lastKnownFileType = sourcecode.swift; path = GettyImageViewerUITests.swift; sourceTree = "<group>"; };
		83DE091D207FA3940061EB37 /* Info.plist */ = {isa = PBXFileReference; lastKnownFileType = text.plist.xml; path = Info.plist; sourceTree = "<group>"; };
		83DE092B207FA40D0061EB37 /* HomeViewController.swift */ = {isa = PBXFileReference; lastKnownFileType = sourcecode.swift; path = HomeViewController.swift; sourceTree = "<group>"; };
		83E67F3C208052690066321C /* HomeViewModel.swift */ = {isa = PBXFileReference; lastKnownFileType = sourcecode.swift; path = HomeViewModel.swift; sourceTree = "<group>"; };
		83E67F3E208052B70066321C /* HomeImageCell.swift */ = {isa = PBXFileReference; lastKnownFileType = sourcecode.swift; path = HomeImageCell.swift; sourceTree = "<group>"; };
		83E67F42208053C70066321C /* ImageSample.jpg */ = {isa = PBXFileReference; lastKnownFileType = image.jpeg; path = ImageSample.jpg; sourceTree = "<group>"; };
		83F1B5F2208081F400A8106C /* HomeImageCellItem.swift */ = {isa = PBXFileReference; lastKnownFileType = sourcecode.swift; path = HomeImageCellItem.swift; sourceTree = "<group>"; };
		83F1B5F42080826D00A8106C /* HomeImageObject.swift */ = {isa = PBXFileReference; lastKnownFileType = sourcecode.swift; path = HomeImageObject.swift; sourceTree = "<group>"; };
		83F1B5F720808FE800A8106C /* DetailViewController.swift */ = {isa = PBXFileReference; lastKnownFileType = sourcecode.swift; path = DetailViewController.swift; sourceTree = "<group>"; };
		AE6D955E7E1B8A9153AFC423 /* Pods-GettyImageViewer.debug.xcconfig */ = {isa = PBXFileReference; includeInIndex = 1; lastKnownFileType = text.xcconfig; name = "Pods-GettyImageViewer.debug.xcconfig"; path = "Pods/Target Support Files/Pods-GettyImageViewer/Pods-GettyImageViewer.debug.xcconfig"; sourceTree = "<group>"; };
/* End PBXFileReference section */

/* Begin PBXFrameworksBuildPhase section */
		83DE08F5207FA3940061EB37 /* Frameworks */ = {
			isa = PBXFrameworksBuildPhase;
			buildActionMask = 2147483647;
			files = (
				D243E269F7E5BF8D00A72A1B /* Pods_GettyImageViewer.framework in Frameworks */,
			);
			runOnlyForDeploymentPostprocessing = 0;
		};
		83DE0909207FA3940061EB37 /* Frameworks */ = {
			isa = PBXFrameworksBuildPhase;
			buildActionMask = 2147483647;
			files = (
			);
			runOnlyForDeploymentPostprocessing = 0;
		};
		83DE0914207FA3940061EB37 /* Frameworks */ = {
			isa = PBXFrameworksBuildPhase;
			buildActionMask = 2147483647;
			files = (
			);
			runOnlyForDeploymentPostprocessing = 0;
		};
/* End PBXFrameworksBuildPhase section */

/* Begin PBXGroup section */
		719570AEA20F034CD083B587 /* Pods */ = {
			isa = PBXGroup;
			children = (
				AE6D955E7E1B8A9153AFC423 /* Pods-GettyImageViewer.debug.xcconfig */,
				350DC8DBAFBC7C8328F9E657 /* Pods-GettyImageViewer.release.xcconfig */,
			);
			name = Pods;
			sourceTree = "<group>";
		};
		83061F682082A6590027DDAD /* IntroView */ = {
			isa = PBXGroup;
			children = (
				83061F692082A66A0027DDAD /* IntroViewController.swift */,
			);
			path = IntroView;
			sourceTree = "<group>";
		};
		8362559B2083A8DA008ADA6F /* SupportFiles */ = {
			isa = PBXGroup;
			children = (
				83DE0907207FA3940061EB37 /* Info.plist */,
			);
			path = SupportFiles;
			sourceTree = "<group>";
		};
		8393D94E2083413700807357 /* Settings */ = {
			isa = PBXGroup;
			children = (
				8393D94F2083415100807357 /* SettingViewController.swift */,
				8393D951208357E200807357 /* SettingViewModel.swift */,
				8393D953208357FE00807357 /* SettingTableViewCell.swift */,
				8393D955208358F500807357 /* SettingItem.swift */,
			);
			path = Settings;
			sourceTree = "<group>";
		};
		83C350152080E03C00B013C7 /* Common */ = {
			isa = PBXGroup;
			children = (
				83C350162080E04B00B013C7 /* NetworkManager.swift */,
				83061F662081CCE20027DDAD /* HTMLParser.swift */,
				8362558A20837EEF008ADA6F /* GTFileManager.swift */,
			);
			path = Common;
			sourceTree = "<group>";
		};
		83DE08EF207FA3940061EB37 = {
			isa = PBXGroup;
			children = (
				83DE08FA207FA3940061EB37 /* GettyImageViewer */,
				83DE090F207FA3940061EB37 /* GettyImageViewerTests */,
				83DE091A207FA3940061EB37 /* GettyImageViewerUITests */,
				83DE08F9207FA3940061EB37 /* Products */,
				719570AEA20F034CD083B587 /* Pods */,
				BE0AAA4138C9B335B2A96D77 /* Frameworks */,
			);
			sourceTree = "<group>";
		};
		83DE08F9207FA3940061EB37 /* Products */ = {
			isa = PBXGroup;
			children = (
				83DE08F8207FA3940061EB37 /* GettyImageViewer.app */,
				83DE090C207FA3940061EB37 /* GettyImageViewerTests.xctest */,
				83DE0917207FA3940061EB37 /* GettyImageViewerUITests.xctest */,
			);
			name = Products;
			sourceTree = "<group>";
		};
		83DE08FA207FA3940061EB37 /* GettyImageViewer */ = {
			isa = PBXGroup;
			children = (
				83DE0929207FA3EE0061EB37 /* Classes */,
				83E67F40208053C70066321C /* Resources */,
				8362559B2083A8DA008ADA6F /* SupportFiles */,
				83DE08FB207FA3940061EB37 /* AppDelegate.swift */,
			);
			path = GettyImageViewer;
			sourceTree = "<group>";
		};
		83DE090F207FA3940061EB37 /* GettyImageViewerTests */ = {
			isa = PBXGroup;
			children = (
				83DE0910207FA3940061EB37 /* GettyImageViewerTests.swift */,
				83DE0912207FA3940061EB37 /* Info.plist */,
			);
			path = GettyImageViewerTests;
			sourceTree = "<group>";
		};
		83DE091A207FA3940061EB37 /* GettyImageViewerUITests */ = {
			isa = PBXGroup;
			children = (
				83DE091B207FA3940061EB37 /* GettyImageViewerUITests.swift */,
				83DE091D207FA3940061EB37 /* Info.plist */,
			);
			path = GettyImageViewerUITests;
			sourceTree = "<group>";
		};
		83DE0929207FA3EE0061EB37 /* Classes */ = {
			isa = PBXGroup;
			children = (
				8393D94E2083413700807357 /* Settings */,
				83061F682082A6590027DDAD /* IntroView */,
				83C350152080E03C00B013C7 /* Common */,
				83F1B5F620808FDB00A8106C /* DetailView */,
				83DE092A207FA3F40061EB37 /* HomeView */,
			);
			path = Classes;
			sourceTree = "<group>";
		};
		83DE092A207FA3F40061EB37 /* HomeView */ = {
			isa = PBXGroup;
			children = (
				83DE092B207FA40D0061EB37 /* HomeViewController.swift */,
				83E67F3C208052690066321C /* HomeViewModel.swift */,
				83E67F3E208052B70066321C /* HomeImageCell.swift */,
				83F1B5F2208081F400A8106C /* HomeImageCellItem.swift */,
				83F1B5F42080826D00A8106C /* HomeImageObject.swift */,
			);
			path = HomeView;
			sourceTree = "<group>";
		};
		83E67F40208053C70066321C /* Resources */ = {
			isa = PBXGroup;
			children = (
				83E67F41208053C70066321C /* Images */,
				83DE08FF207FA3940061EB37 /* Main.storyboard */,
				83DE0904207FA3940061EB37 /* LaunchScreen.storyboard */,
				83DE0902207FA3940061EB37 /* Assets.xcassets */,
			);
			path = Resources;
			sourceTree = "<group>";
		};
		83E67F41208053C70066321C /* Images */ = {
			isa = PBXGroup;
			children = (
				83E67F42208053C70066321C /* ImageSample.jpg */,
			);
			path = Images;
			sourceTree = "<group>";
		};
		83F1B5F620808FDB00A8106C /* DetailView */ = {
			isa = PBXGroup;
			children = (
				83F1B5F720808FE800A8106C /* DetailViewController.swift */,
			);
			path = DetailView;
			sourceTree = "<group>";
		};
		BE0AAA4138C9B335B2A96D77 /* Frameworks */ = {
			isa = PBXGroup;
			children = (
				0A7AE34CFC51ECF619AA5D1E /* Pods_GettyImageViewer.framework */,
			);
			name = Frameworks;
			sourceTree = "<group>";
		};
/* End PBXGroup section */

/* Begin PBXNativeTarget section */
		83DE08F7207FA3940061EB37 /* GettyImageViewer */ = {
			isa = PBXNativeTarget;
			buildConfigurationList = 83DE0920207FA3940061EB37 /* Build configuration list for PBXNativeTarget "GettyImageViewer" */;
			buildPhases = (
				9730A96A7B113F9DD2299340 /* [CP] Check Pods Manifest.lock */,
				83DE08F4207FA3940061EB37 /* Sources */,
				83DE08F5207FA3940061EB37 /* Frameworks */,
				83DE08F6207FA3940061EB37 /* Resources */,
				9B14F4DF827739D8BD7CA4CF /* [CP] Embed Pods Frameworks */,
			);
			buildRules = (
			);
			dependencies = (
			);
			name = GettyImageViewer;
			productName = GettyImageViewer;
			productReference = 83DE08F8207FA3940061EB37 /* GettyImageViewer.app */;
			productType = "com.apple.product-type.application";
		};
		83DE090B207FA3940061EB37 /* GettyImageViewerTests */ = {
			isa = PBXNativeTarget;
			buildConfigurationList = 83DE0923207FA3940061EB37 /* Build configuration list for PBXNativeTarget "GettyImageViewerTests" */;
			buildPhases = (
				83DE0908207FA3940061EB37 /* Sources */,
				83DE0909207FA3940061EB37 /* Frameworks */,
				83DE090A207FA3940061EB37 /* Resources */,
			);
			buildRules = (
			);
			dependencies = (
				83DE090E207FA3940061EB37 /* PBXTargetDependency */,
			);
			name = GettyImageViewerTests;
			productName = GettyImageViewerTests;
			productReference = 83DE090C207FA3940061EB37 /* GettyImageViewerTests.xctest */;
			productType = "com.apple.product-type.bundle.unit-test";
		};
		83DE0916207FA3940061EB37 /* GettyImageViewerUITests */ = {
			isa = PBXNativeTarget;
			buildConfigurationList = 83DE0926207FA3940061EB37 /* Build configuration list for PBXNativeTarget "GettyImageViewerUITests" */;
			buildPhases = (
				83DE0913207FA3940061EB37 /* Sources */,
				83DE0914207FA3940061EB37 /* Frameworks */,
				83DE0915207FA3940061EB37 /* Resources */,
			);
			buildRules = (
			);
			dependencies = (
				83DE0919207FA3940061EB37 /* PBXTargetDependency */,
			);
			name = GettyImageViewerUITests;
			productName = GettyImageViewerUITests;
			productReference = 83DE0917207FA3940061EB37 /* GettyImageViewerUITests.xctest */;
			productType = "com.apple.product-type.bundle.ui-testing";
		};
/* End PBXNativeTarget section */

/* Begin PBXProject section */
		83DE08F0207FA3940061EB37 /* Project object */ = {
			isa = PBXProject;
			attributes = {
				LastSwiftUpdateCheck = 0920;
				LastUpgradeCheck = 0920;
				ORGANIZATIONNAME = ChrisMJSong;
				TargetAttributes = {
					83DE08F7207FA3940061EB37 = {
						CreatedOnToolsVersion = 9.2;
						ProvisioningStyle = Automatic;
					};
					83DE090B207FA3940061EB37 = {
						CreatedOnToolsVersion = 9.2;
						ProvisioningStyle = Automatic;
						TestTargetID = 83DE08F7207FA3940061EB37;
					};
					83DE0916207FA3940061EB37 = {
						CreatedOnToolsVersion = 9.2;
						ProvisioningStyle = Automatic;
						TestTargetID = 83DE08F7207FA3940061EB37;
					};
				};
			};
			buildConfigurationList = 83DE08F3207FA3940061EB37 /* Build configuration list for PBXProject "GettyImageViewer" */;
			compatibilityVersion = "Xcode 8.0";
			developmentRegion = en;
			hasScannedForEncodings = 0;
			knownRegions = (
				en,
				Base,
			);
			mainGroup = 83DE08EF207FA3940061EB37;
			productRefGroup = 83DE08F9207FA3940061EB37 /* Products */;
			projectDirPath = "";
			projectRoot = "";
			targets = (
				83DE08F7207FA3940061EB37 /* GettyImageViewer */,
				83DE090B207FA3940061EB37 /* GettyImageViewerTests */,
				83DE0916207FA3940061EB37 /* GettyImageViewerUITests */,
			);
		};
/* End PBXProject section */

/* Begin PBXResourcesBuildPhase section */
		83DE08F6207FA3940061EB37 /* Resources */ = {
			isa = PBXResourcesBuildPhase;
			buildActionMask = 2147483647;
			files = (
				83DE0906207FA3940061EB37 /* LaunchScreen.storyboard in Resources */,
				83DE0903207FA3940061EB37 /* Assets.xcassets in Resources */,
				83DE0901207FA3940061EB37 /* Main.storyboard in Resources */,
				83E67F43208053C80066321C /* ImageSample.jpg in Resources */,
			);
			runOnlyForDeploymentPostprocessing = 0;
		};
		83DE090A207FA3940061EB37 /* Resources */ = {
			isa = PBXResourcesBuildPhase;
			buildActionMask = 2147483647;
			files = (
			);
			runOnlyForDeploymentPostprocessing = 0;
		};
		83DE0915207FA3940061EB37 /* Resources */ = {
			isa = PBXResourcesBuildPhase;
			buildActionMask = 2147483647;
			files = (
			);
			runOnlyForDeploymentPostprocessing = 0;
		};
/* End PBXResourcesBuildPhase section */

/* Begin PBXShellScriptBuildPhase section */
		9730A96A7B113F9DD2299340 /* [CP] Check Pods Manifest.lock */ = {
			isa = PBXShellScriptBuildPhase;
			buildActionMask = 2147483647;
			files = (
			);
			inputPaths = (
				"${PODS_PODFILE_DIR_PATH}/Podfile.lock",
				"${PODS_ROOT}/Manifest.lock",
			);
			name = "[CP] Check Pods Manifest.lock";
			outputPaths = (
				"$(DERIVED_FILE_DIR)/Pods-GettyImageViewer-checkManifestLockResult.txt",
			);
			runOnlyForDeploymentPostprocessing = 0;
			shellPath = /bin/sh;
			shellScript = "diff \"${PODS_PODFILE_DIR_PATH}/Podfile.lock\" \"${PODS_ROOT}/Manifest.lock\" > /dev/null\nif [ $? != 0 ] ; then\n    # print error to STDERR\n    echo \"error: The sandbox is not in sync with the Podfile.lock. Run 'pod install' or update your CocoaPods installation.\" >&2\n    exit 1\nfi\n# This output is used by Xcode 'outputs' to avoid re-running this script phase.\necho \"SUCCESS\" > \"${SCRIPT_OUTPUT_FILE_0}\"\n";
			showEnvVarsInLog = 0;
		};
		9B14F4DF827739D8BD7CA4CF /* [CP] Embed Pods Frameworks */ = {
			isa = PBXShellScriptBuildPhase;
			buildActionMask = 2147483647;
			files = (
			);
			inputPaths = (
				"${SRCROOT}/Pods/Target Support Files/Pods-GettyImageViewer/Pods-GettyImageViewer-frameworks.sh",
				"${BUILT_PRODUCTS_DIR}/Alamofire/Alamofire.framework",
				"${BUILT_PRODUCTS_DIR}/HTMLReader/HTMLReader.framework",
				"${BUILT_PRODUCTS_DIR}/HTMLString/HTMLString.framework",
				"${BUILT_PRODUCTS_DIR}/KRActivityIndicatorView/KRActivityIndicatorView.framework",
				"${BUILT_PRODUCTS_DIR}/KRProgressHUD/KRProgressHUD.framework",
				"${BUILT_PRODUCTS_DIR}/ReachabilitySwift/Reachability.framework",
				"${BUILT_PRODUCTS_DIR}/RxAlamofire/RxAlamofire.framework",
				"${BUILT_PRODUCTS_DIR}/RxCocoa/RxCocoa.framework",
				"${BUILT_PRODUCTS_DIR}/RxSwift/RxSwift.framework",
			);
			name = "[CP] Embed Pods Frameworks";
			outputPaths = (
				"${TARGET_BUILD_DIR}/${FRAMEWORKS_FOLDER_PATH}/Alamofire.framework",
				"${TARGET_BUILD_DIR}/${FRAMEWORKS_FOLDER_PATH}/HTMLReader.framework",
				"${TARGET_BUILD_DIR}/${FRAMEWORKS_FOLDER_PATH}/HTMLString.framework",
				"${TARGET_BUILD_DIR}/${FRAMEWORKS_FOLDER_PATH}/KRActivityIndicatorView.framework",
				"${TARGET_BUILD_DIR}/${FRAMEWORKS_FOLDER_PATH}/KRProgressHUD.framework",
				"${TARGET_BUILD_DIR}/${FRAMEWORKS_FOLDER_PATH}/Reachability.framework",
				"${TARGET_BUILD_DIR}/${FRAMEWORKS_FOLDER_PATH}/RxAlamofire.framework",
				"${TARGET_BUILD_DIR}/${FRAMEWORKS_FOLDER_PATH}/RxCocoa.framework",
				"${TARGET_BUILD_DIR}/${FRAMEWORKS_FOLDER_PATH}/RxSwift.framework",
			);
			runOnlyForDeploymentPostprocessing = 0;
			shellPath = /bin/sh;
			shellScript = "\"${SRCROOT}/Pods/Target Support Files/Pods-GettyImageViewer/Pods-GettyImageViewer-frameworks.sh\"\n";
			showEnvVarsInLog = 0;
		};
/* End PBXShellScriptBuildPhase section */

/* Begin PBXSourcesBuildPhase section */
		83DE08F4207FA3940061EB37 /* Sources */ = {
			isa = PBXSourcesBuildPhase;
			buildActionMask = 2147483647;
			files = (
				83061F672081CCE20027DDAD /* HTMLParser.swift in Sources */,
				8393D9502083415100807357 /* SettingViewController.swift in Sources */,
				83DE08FC207FA3940061EB37 /* AppDelegate.swift in Sources */,
				83F1B5F3208081F400A8106C /* HomeImageCellItem.swift in Sources */,
				83F1B5F52080826D00A8106C /* HomeImageObject.swift in Sources */,
				83E67F3D208052690066321C /* HomeViewModel.swift in Sources */,
				83061F6A2082A66A0027DDAD /* IntroViewController.swift in Sources */,
				8393D956208358F500807357 /* SettingItem.swift in Sources */,
				8393D952208357E200807357 /* SettingViewModel.swift in Sources */,
				8393D954208357FE00807357 /* SettingTableViewCell.swift in Sources */,
				83C350172080E04B00B013C7 /* NetworkManager.swift in Sources */,
				8362558B20837EEF008ADA6F /* GTFileManager.swift in Sources */,
				83E67F3F208052B70066321C /* HomeImageCell.swift in Sources */,
				83DE092C207FA40D0061EB37 /* HomeViewController.swift in Sources */,
				83F1B5F820808FE800A8106C /* DetailViewController.swift in Sources */,
			);
			runOnlyForDeploymentPostprocessing = 0;
		};
		83DE0908207FA3940061EB37 /* Sources */ = {
			isa = PBXSourcesBuildPhase;
			buildActionMask = 2147483647;
			files = (
				83DE0911207FA3940061EB37 /* GettyImageViewerTests.swift in Sources */,
			);
			runOnlyForDeploymentPostprocessing = 0;
		};
		83DE0913207FA3940061EB37 /* Sources */ = {
			isa = PBXSourcesBuildPhase;
			buildActionMask = 2147483647;
			files = (
				83DE091C207FA3940061EB37 /* GettyImageViewerUITests.swift in Sources */,
			);
			runOnlyForDeploymentPostprocessing = 0;
		};
/* End PBXSourcesBuildPhase section */

/* Begin PBXTargetDependency section */
		83DE090E207FA3940061EB37 /* PBXTargetDependency */ = {
			isa = PBXTargetDependency;
			target = 83DE08F7207FA3940061EB37 /* GettyImageViewer */;
			targetProxy = 83DE090D207FA3940061EB37 /* PBXContainerItemProxy */;
		};
		83DE0919207FA3940061EB37 /* PBXTargetDependency */ = {
			isa = PBXTargetDependency;
			target = 83DE08F7207FA3940061EB37 /* GettyImageViewer */;
			targetProxy = 83DE0918207FA3940061EB37 /* PBXContainerItemProxy */;
		};
/* End PBXTargetDependency section */

/* Begin PBXVariantGroup section */
		83DE08FF207FA3940061EB37 /* Main.storyboard */ = {
			isa = PBXVariantGroup;
			children = (
				83DE0900207FA3940061EB37 /* Base */,
			);
			name = Main.storyboard;
			sourceTree = "<group>";
		};
		83DE0904207FA3940061EB37 /* LaunchScreen.storyboard */ = {
			isa = PBXVariantGroup;
			children = (
				83DE0905207FA3940061EB37 /* Base */,
			);
			name = LaunchScreen.storyboard;
			sourceTree = "<group>";
		};
/* End PBXVariantGroup section */

/* Begin XCBuildConfiguration section */
		83DE091E207FA3940061EB37 /* Debug */ = {
			isa = XCBuildConfiguration;
			buildSettings = {
				ALWAYS_SEARCH_USER_PATHS = NO;
				CLANG_ANALYZER_NONNULL = YES;
				CLANG_ANALYZER_NUMBER_OBJECT_CONVERSION = YES_AGGRESSIVE;
				CLANG_CXX_LANGUAGE_STANDARD = "gnu++14";
				CLANG_CXX_LIBRARY = "libc++";
				CLANG_ENABLE_MODULES = YES;
				CLANG_ENABLE_OBJC_ARC = YES;
				CLANG_WARN_BLOCK_CAPTURE_AUTORELEASING = YES;
				CLANG_WARN_BOOL_CONVERSION = YES;
				CLANG_WARN_COMMA = YES;
				CLANG_WARN_CONSTANT_CONVERSION = YES;
				CLANG_WARN_DIRECT_OBJC_ISA_USAGE = YES_ERROR;
				CLANG_WARN_DOCUMENTATION_COMMENTS = YES;
				CLANG_WARN_EMPTY_BODY = YES;
				CLANG_WARN_ENUM_CONVERSION = YES;
				CLANG_WARN_INFINITE_RECURSION = YES;
				CLANG_WARN_INT_CONVERSION = YES;
				CLANG_WARN_NON_LITERAL_NULL_CONVERSION = YES;
				CLANG_WARN_OBJC_LITERAL_CONVERSION = YES;
				CLANG_WARN_OBJC_ROOT_CLASS = YES_ERROR;
				CLANG_WARN_RANGE_LOOP_ANALYSIS = YES;
				CLANG_WARN_STRICT_PROTOTYPES = YES;
				CLANG_WARN_SUSPICIOUS_MOVE = YES;
				CLANG_WARN_UNGUARDED_AVAILABILITY = YES_AGGRESSIVE;
				CLANG_WARN_UNREACHABLE_CODE = YES;
				CLANG_WARN__DUPLICATE_METHOD_MATCH = YES;
				CODE_SIGN_IDENTITY = "iPhone Developer";
				COPY_PHASE_STRIP = NO;
				DEBUG_INFORMATION_FORMAT = dwarf;
				ENABLE_STRICT_OBJC_MSGSEND = YES;
				ENABLE_TESTABILITY = YES;
				GCC_C_LANGUAGE_STANDARD = gnu11;
				GCC_DYNAMIC_NO_PIC = NO;
				GCC_NO_COMMON_BLOCKS = YES;
				GCC_OPTIMIZATION_LEVEL = 0;
				GCC_PREPROCESSOR_DEFINITIONS = (
					"DEBUG=1",
					"$(inherited)",
				);
				GCC_WARN_64_TO_32_BIT_CONVERSION = YES;
				GCC_WARN_ABOUT_RETURN_TYPE = YES_ERROR;
				GCC_WARN_UNDECLARED_SELECTOR = YES;
				GCC_WARN_UNINITIALIZED_AUTOS = YES_AGGRESSIVE;
				GCC_WARN_UNUSED_FUNCTION = YES;
				GCC_WARN_UNUSED_VARIABLE = YES;
				IPHONEOS_DEPLOYMENT_TARGET = 9.0;
				MTL_ENABLE_DEBUG_INFO = YES;
				ONLY_ACTIVE_ARCH = YES;
				SDKROOT = iphoneos;
				SWIFT_ACTIVE_COMPILATION_CONDITIONS = DEBUG;
				SWIFT_OPTIMIZATION_LEVEL = "-Onone";
			};
			name = Debug;
		};
		83DE091F207FA3940061EB37 /* Release */ = {
			isa = XCBuildConfiguration;
			buildSettings = {
				ALWAYS_SEARCH_USER_PATHS = NO;
				CLANG_ANALYZER_NONNULL = YES;
				CLANG_ANALYZER_NUMBER_OBJECT_CONVERSION = YES_AGGRESSIVE;
				CLANG_CXX_LANGUAGE_STANDARD = "gnu++14";
				CLANG_CXX_LIBRARY = "libc++";
				CLANG_ENABLE_MODULES = YES;
				CLANG_ENABLE_OBJC_ARC = YES;
				CLANG_WARN_BLOCK_CAPTURE_AUTORELEASING = YES;
				CLANG_WARN_BOOL_CONVERSION = YES;
				CLANG_WARN_COMMA = YES;
				CLANG_WARN_CONSTANT_CONVERSION = YES;
				CLANG_WARN_DIRECT_OBJC_ISA_USAGE = YES_ERROR;
				CLANG_WARN_DOCUMENTATION_COMMENTS = YES;
				CLANG_WARN_EMPTY_BODY = YES;
				CLANG_WARN_ENUM_CONVERSION = YES;
				CLANG_WARN_INFINITE_RECURSION = YES;
				CLANG_WARN_INT_CONVERSION = YES;
				CLANG_WARN_NON_LITERAL_NULL_CONVERSION = YES;
				CLANG_WARN_OBJC_LITERAL_CONVERSION = YES;
				CLANG_WARN_OBJC_ROOT_CLASS = YES_ERROR;
				CLANG_WARN_RANGE_LOOP_ANALYSIS = YES;
				CLANG_WARN_STRICT_PROTOTYPES = YES;
				CLANG_WARN_SUSPICIOUS_MOVE = YES;
				CLANG_WARN_UNGUARDED_AVAILABILITY = YES_AGGRESSIVE;
				CLANG_WARN_UNREACHABLE_CODE = YES;
				CLANG_WARN__DUPLICATE_METHOD_MATCH = YES;
				CODE_SIGN_IDENTITY = "iPhone Developer";
				COPY_PHASE_STRIP = NO;
				DEBUG_INFORMATION_FORMAT = "dwarf-with-dsym";
				ENABLE_NS_ASSERTIONS = NO;
				ENABLE_STRICT_OBJC_MSGSEND = YES;
				GCC_C_LANGUAGE_STANDARD = gnu11;
				GCC_NO_COMMON_BLOCKS = YES;
				GCC_WARN_64_TO_32_BIT_CONVERSION = YES;
				GCC_WARN_ABOUT_RETURN_TYPE = YES_ERROR;
				GCC_WARN_UNDECLARED_SELECTOR = YES;
				GCC_WARN_UNINITIALIZED_AUTOS = YES_AGGRESSIVE;
				GCC_WARN_UNUSED_FUNCTION = YES;
				GCC_WARN_UNUSED_VARIABLE = YES;
				IPHONEOS_DEPLOYMENT_TARGET = 9.0;
				MTL_ENABLE_DEBUG_INFO = NO;
				SDKROOT = iphoneos;
				SWIFT_OPTIMIZATION_LEVEL = "-Owholemodule";
				VALIDATE_PRODUCT = YES;
			};
			name = Release;
		};
		83DE0921207FA3940061EB37 /* Debug */ = {
			isa = XCBuildConfiguration;
			baseConfigurationReference = AE6D955E7E1B8A9153AFC423 /* Pods-GettyImageViewer.debug.xcconfig */;
			buildSettings = {
				ASSETCATALOG_COMPILER_APPICON_NAME = AppIcon;
				"CODE_SIGN_IDENTITY[sdk=iphoneos*]" = "iPhone Developer";
				CODE_SIGN_STYLE = Automatic;
				DEVELOPMENT_TEAM = "";
				INFOPLIST_FILE = GettyImageViewer/Info.plist;
				LD_RUNPATH_SEARCH_PATHS = "$(inherited) @executable_path/Frameworks";
				PRODUCT_BUNDLE_IDENTIFIER = com.ChrisMJSong.GettyImageViewer;
				PRODUCT_NAME = "$(TARGET_NAME)";
				PROVISIONING_PROFILE_SPECIFIER = "";
				SWIFT_VERSION = 4.0;
				TARGETED_DEVICE_FAMILY = "1,2";
			};
			name = Debug;
		};
		83DE0922207FA3940061EB37 /* Release */ = {
			isa = XCBuildConfiguration;
			baseConfigurationReference = 350DC8DBAFBC7C8328F9E657 /* Pods-GettyImageViewer.release.xcconfig */;
			buildSettings = {
				ASSETCATALOG_COMPILER_APPICON_NAME = AppIcon;
				"CODE_SIGN_IDENTITY[sdk=iphoneos*]" = "iPhone Developer";
				CODE_SIGN_STYLE = Automatic;
				DEVELOPMENT_TEAM = "";
				INFOPLIST_FILE = GettyImageViewer/Info.plist;
				LD_RUNPATH_SEARCH_PATHS = "$(inherited) @executable_path/Frameworks";
				PRODUCT_BUNDLE_IDENTIFIER = com.ChrisMJSong.GettyImageViewer;
				PRODUCT_NAME = "$(TARGET_NAME)";
				PROVISIONING_PROFILE_SPECIFIER = "";
				SWIFT_VERSION = 4.0;
				TARGETED_DEVICE_FAMILY = "1,2";
			};
			name = Release;
		};
		83DE0924207FA3940061EB37 /* Debug */ = {
			isa = XCBuildConfiguration;
			buildSettings = {
				ALWAYS_EMBED_SWIFT_STANDARD_LIBRARIES = YES;
				BUNDLE_LOADER = "$(TEST_HOST)";
				CODE_SIGN_STYLE = Automatic;
				INFOPLIST_FILE = GettyImageViewerTests/Info.plist;
				LD_RUNPATH_SEARCH_PATHS = "$(inherited) @executable_path/Frameworks @loader_path/Frameworks";
				PRODUCT_BUNDLE_IDENTIFIER = com.chrismjsong.GettyImageViewerTests;
				PRODUCT_NAME = "$(TARGET_NAME)";
				SWIFT_VERSION = 4.0;
				TARGETED_DEVICE_FAMILY = "1,2";
				TEST_HOST = "$(BUILT_PRODUCTS_DIR)/GettyImageViewer.app/GettyImageViewer";
			};
			name = Debug;
		};
		83DE0925207FA3940061EB37 /* Release */ = {
			isa = XCBuildConfiguration;
			buildSettings = {
				ALWAYS_EMBED_SWIFT_STANDARD_LIBRARIES = YES;
				BUNDLE_LOADER = "$(TEST_HOST)";
				CODE_SIGN_STYLE = Automatic;
				INFOPLIST_FILE = GettyImageViewerTests/Info.plist;
				LD_RUNPATH_SEARCH_PATHS = "$(inherited) @executable_path/Frameworks @loader_path/Frameworks";
				PRODUCT_BUNDLE_IDENTIFIER = com.chrismjsong.GettyImageViewerTests;
				PRODUCT_NAME = "$(TARGET_NAME)";
				SWIFT_VERSION = 4.0;
				TARGETED_DEVICE_FAMILY = "1,2";
				TEST_HOST = "$(BUILT_PRODUCTS_DIR)/GettyImageViewer.app/GettyImageViewer";
			};
			name = Release;
		};
		83DE0927207FA3940061EB37 /* Debug */ = {
			isa = XCBuildConfiguration;
			buildSettings = {
				ALWAYS_EMBED_SWIFT_STANDARD_LIBRARIES = YES;
				CODE_SIGN_STYLE = Automatic;
				INFOPLIST_FILE = GettyImageViewerUITests/Info.plist;
				LD_RUNPATH_SEARCH_PATHS = "$(inherited) @executable_path/Frameworks @loader_path/Frameworks";
				PRODUCT_BUNDLE_IDENTIFIER = com.chrismjsong.GettyImageViewerUITests;
				PRODUCT_NAME = "$(TARGET_NAME)";
				SWIFT_VERSION = 4.0;
				TARGETED_DEVICE_FAMILY = "1,2";
				TEST_TARGET_NAME = GettyImageViewer;
			};
			name = Debug;
		};
		83DE0928207FA3940061EB37 /* Release */ = {
			isa = XCBuildConfiguration;
			buildSettings = {
				ALWAYS_EMBED_SWIFT_STANDARD_LIBRARIES = YES;
				CODE_SIGN_STYLE = Automatic;
				INFOPLIST_FILE = GettyImageViewerUITests/Info.plist;
				LD_RUNPATH_SEARCH_PATHS = "$(inherited) @executable_path/Frameworks @loader_path/Frameworks";
				PRODUCT_BUNDLE_IDENTIFIER = com.chrismjsong.GettyImageViewerUITests;
				PRODUCT_NAME = "$(TARGET_NAME)";
				SWIFT_VERSION = 4.0;
				TARGETED_DEVICE_FAMILY = "1,2";
				TEST_TARGET_NAME = GettyImageViewer;
			};
			name = Release;
		};
/* End XCBuildConfiguration section */

/* Begin XCConfigurationList section */
		83DE08F3207FA3940061EB37 /* Build configuration list for PBXProject "GettyImageViewer" */ = {
			isa = XCConfigurationList;
			buildConfigurations = (
				83DE091E207FA3940061EB37 /* Debug */,
				83DE091F207FA3940061EB37 /* Release */,
			);
			defaultConfigurationIsVisible = 0;
			defaultConfigurationName = Release;
		};
		83DE0920207FA3940061EB37 /* Build configuration list for PBXNativeTarget "GettyImageViewer" */ = {
			isa = XCConfigurationList;
			buildConfigurations = (
				83DE0921207FA3940061EB37 /* Debug */,
				83DE0922207FA3940061EB37 /* Release */,
			);
			defaultConfigurationIsVisible = 0;
			defaultConfigurationName = Release;
		};
		83DE0923207FA3940061EB37 /* Build configuration list for PBXNativeTarget "GettyImageViewerTests" */ = {
			isa = XCConfigurationList;
			buildConfigurations = (
				83DE0924207FA3940061EB37 /* Debug */,
				83DE0925207FA3940061EB37 /* Release */,
			);
			defaultConfigurationIsVisible = 0;
			defaultConfigurationName = Release;
		};
		83DE0926207FA3940061EB37 /* Build configuration list for PBXNativeTarget "GettyImageViewerUITests" */ = {
			isa = XCConfigurationList;
			buildConfigurations = (
				83DE0927207FA3940061EB37 /* Debug */,
				83DE0928207FA3940061EB37 /* Release */,
			);
			defaultConfigurationIsVisible = 0;
			defaultConfigurationName = Release;
		};
/* End XCConfigurationList section */
	};
	rootObject = 83DE08F0207FA3940061EB37 /* Project object */;
}
